
Microsoft Visual Studio Solution File, Format Version 12.00
# Visual Studio Version 16
VisualStudioVersion = 16.0.29409.12
MinimumVisualStudioVersion = 10.0.40219.1
Project("{FAE04EC0-301F-11D3-BF4B-00C04F79EFBC}") = "MultiCertXmlSign", "MultiCertXmlSign\MultiCertXmlSign.csproj", "{CE918D25-F16E-46A9-8274-54C6FCEEA8DF}"
EndProject
Global
	GlobalSection(SolutionConfigurationPlatforms) = preSolution
		Debug|Any CPU = Debug|Any CPU
		Release|Any CPU = Release|Any CPU
	EndGlobalSection
	GlobalSection(ProjectConfigurationPlatforms) = postSolution
		{CE918D25-F16E-46A9-8274-54C6FCEEA8DF}.Debug|Any CPU.ActiveCfg = Debug|Any CPU
		{CE918D25-F16E-46A9-8274-54C6FCEEA8DF}.Debug|Any CPU.Build.0 = Debug|Any CPU
		{CE918D25-F16E-46A9-8274-54C6FCEEA8DF}.Release|Any CPU.ActiveCfg = Release|Any CPU
		{CE918D25-F16E-46A9-8274-54C6FCEEA8DF}.Release|Any CPU.Build.0 = Release|Any CPU
	EndGlobalSection
	GlobalSection(SolutionProperties) = preSolution
		HideSolutionNode = FALSE
	EndGlobalSection
	GlobalSection(ExtensibilityGlobals) = postSolution
		SolutionGuid = {FC2AC46C-4FA0-4291-AB00-66D70A41282D}
	EndGlobalSection
EndGlobal
